
Microsoft Visual Studio Solution File, Format Version 12.00
# Visual Studio Version 17
VisualStudioVersion = 17.5.002.0
MinimumVisualStudioVersion = 10.0.40219.1
Project("{9A19103F-16F7-4668-BE54-9A1E7A4F7556}") = "DesafioProjetoHospedagem", "DesafioProjetoHospedagem.csproj", "{E8B78B28-8C51-4987-9C8D-80D73F87C4FE}"
EndProject
Global
	GlobalSection(SolutionConfigurationPlatforms) = preSolution
		Debug|Any CPU = Debug|Any CPU
		Release|Any CPU = Release|Any CPU
	EndGlobalSection
	GlobalSection(ProjectConfigurationPlatforms) = postSolution
		{E8B78B28-8C51-4987-9C8D-80D73F87C4FE}.Debug|Any CPU.ActiveCfg = Debug|Any CPU
		{E8B78B28-8C51-4987-9C8D-80D73F87C4FE}.Debug|Any CPU.Build.0 = Debug|Any CPU
		{E8B78B28-8C51-4987-9C8D-80D73F87C4FE}.Release|Any CPU.ActiveCfg = Release|Any CPU
		{E8B78B28-8C51-4987-9C8D-80D73F87C4FE}.Release|Any CPU.Build.0 = Release|Any CPU
	EndGlobalSection
	GlobalSection(SolutionProperties) = preSolution
		HideSolutionNode = FALSE
	EndGlobalSection
	GlobalSection(ExtensibilityGlobals) = postSolution
		SolutionGuid = {F704C8E4-DCFC-4489-A3E7-7A36097E4F36}
	EndGlobalSection
EndGlobal
